// !$*UTF8*$!
{
	archiveVersion = 1;
	classes = {
	};
	objectVersion = 55;
	objects = {

/* Begin PBXBuildFile section */
		8645DE5528E243830001611F /* AppCoordinator.swift in Sources */ = {isa = PBXBuildFile; fileRef = 8645DE5428E243830001611F /* AppCoordinator.swift */; };
		8645DE5828E2450C0001611F /* ConsultationCoordinator.swift in Sources */ = {isa = PBXBuildFile; fileRef = 8645DE5728E2450C0001611F /* ConsultationCoordinator.swift */; };
		8645DE5E28E247EF0001611F /* car_list.json in Resources */ = {isa = PBXBuildFile; fileRef = 8645DE5D28E247EF0001611F /* car_list.json */; };
		8645DE6728E249230001611F /* CarsListVC.swift in Sources */ = {isa = PBXBuildFile; fileRef = 8645DE6528E249230001611F /* CarsListVC.swift */; };
		8645DE6828E249230001611F /* CarsListVC.xib in Resources */ = {isa = PBXBuildFile; fileRef = 8645DE6628E249230001611F /* CarsListVC.xib */; };
		8645DE6A28E24A450001611F /* CarsListVM.swift in Sources */ = {isa = PBXBuildFile; fileRef = 8645DE6928E24A450001611F /* CarsListVM.swift */; };
		8645DE6C28E24A530001611F /* CarsListService.swift in Sources */ = {isa = PBXBuildFile; fileRef = 8645DE6B28E24A530001611F /* CarsListService.swift */; };
		8645DE6E28E24A640001611F /* Car.swift in Sources */ = {isa = PBXBuildFile; fileRef = 8645DE6D28E24A640001611F /* Car.swift */; };
		8645DE7328E251510001611F /* DataLoader.swift in Sources */ = {isa = PBXBuildFile; fileRef = 8645DE7228E251510001611F /* DataLoader.swift */; };
		8645DE7528E251F20001611F /* CarsListMapper.swift in Sources */ = {isa = PBXBuildFile; fileRef = 8645DE7428E251F20001611F /* CarsListMapper.swift */; };
		8645DE7728E259D70001611F /* LogManager.swift in Sources */ = {isa = PBXBuildFile; fileRef = 8645DE7628E259D70001611F /* LogManager.swift */; };
		8645DE7B28E378490001611F /* CarsListTableCell.swift in Sources */ = {isa = PBXBuildFile; fileRef = 8645DE7928E378490001611F /* CarsListTableCell.swift */; };
		8645DE7C28E378490001611F /* CarsListTableCell.xib in Resources */ = {isa = PBXBuildFile; fileRef = 8645DE7A28E378490001611F /* CarsListTableCell.xib */; };
		8645DE7E28E37C170001611F /* Int+Extensions.swift in Sources */ = {isa = PBXBuildFile; fileRef = 8645DE7D28E37C170001611F /* Int+Extensions.swift */; };
		8645DE8028E37F160001611F /* UITableViewCell+Extensions.swift in Sources */ = {isa = PBXBuildFile; fileRef = 8645DE7F28E37F160001611F /* UITableViewCell+Extensions.swift */; };
		8645DE8228E387630001611F /* Coordinator.swift in Sources */ = {isa = PBXBuildFile; fileRef = 8645DE8128E387630001611F /* Coordinator.swift */; };
		8645DE8528E391E70001611F /* CarsListTableViewFooter.swift in Sources */ = {isa = PBXBuildFile; fileRef = 8645DE8328E391E70001611F /* CarsListTableViewFooter.swift */; };
		8645DE8628E391E70001611F /* CarsListTableViewFooter.xib in Resources */ = {isa = PBXBuildFile; fileRef = 8645DE8428E391E70001611F /* CarsListTableViewFooter.xib */; };
		8645DE8828E395150001611F /* UITableViewHeaderFooterView+Extensions.swift in Sources */ = {isa = PBXBuildFile; fileRef = 8645DE8728E395150001611F /* UITableViewHeaderFooterView+Extensions.swift */; };
		8645DE8D28E398330001611F /* CarListViewDataTests.swift in Sources */ = {isa = PBXBuildFile; fileRef = 8645DE8C28E398330001611F /* CarListViewDataTests.swift */; };
		8645DE9028E3A0250001611F /* CarsListMapperTests.swift in Sources */ = {isa = PBXBuildFile; fileRef = 8645DE8F28E3A0250001611F /* CarsListMapperTests.swift */; };
		8645DE9328E3A0B70001611F /* test_data.json in Resources */ = {isa = PBXBuildFile; fileRef = 8645DE9228E3A0B70001611F /* test_data.json */; };
		8645DE9528E3A1110001611F /* invalid_data.json in Resources */ = {isa = PBXBuildFile; fileRef = 8645DE9428E3A1110001611F /* invalid_data.json */; };
		8645DE9728E3A72D0001611F /* JSONDataLoaderTests.swift in Sources */ = {isa = PBXBuildFile; fileRef = 8645DE9628E3A72D0001611F /* JSONDataLoaderTests.swift */; };
		8645DE9928E3A8530001611F /* CarsListServiceTests.swift in Sources */ = {isa = PBXBuildFile; fileRef = 8645DE9828E3A8530001611F /* CarsListServiceTests.swift */; };
		8645DE9B28E3A8FE0001611F /* JSONDataLoaderMock.swift in Sources */ = {isa = PBXBuildFile; fileRef = 8645DE9A28E3A8FE0001611F /* JSONDataLoaderMock.swift */; };
		8645DE9E28E3B27B0001611F /* CarsListViewModelTests.swift in Sources */ = {isa = PBXBuildFile; fileRef = 8645DE9D28E3B27B0001611F /* CarsListViewModelTests.swift */; };
		8645DEA128E3B2C00001611F /* CarsListServiceMock.swift in Sources */ = {isa = PBXBuildFile; fileRef = 8645DEA028E3B2C00001611F /* CarsListServiceMock.swift */; };
		8645DEA428E3BB6E0001611F /* ExpandableCarsListTableCell.swift in Sources */ = {isa = PBXBuildFile; fileRef = 8645DEA228E3BB6E0001611F /* ExpandableCarsListTableCell.swift */; };
		8645DEA528E3BB6E0001611F /* ExpandableCarsListTableCell.xib in Resources */ = {isa = PBXBuildFile; fileRef = 8645DEA328E3BB6E0001611F /* ExpandableCarsListTableCell.xib */; };
		8645DEA728E3BF570001611F /* ExpandableCarListViewData.swift in Sources */ = {isa = PBXBuildFile; fileRef = 8645DEA628E3BF570001611F /* ExpandableCarListViewData.swift */; };
		8645DEAA28E3C1770001611F /* CarsListFormatter.swift in Sources */ = {isa = PBXBuildFile; fileRef = 8645DEA928E3C1770001611F /* CarsListFormatter.swift */; };
		86A19A1928E23F3500F341AE /* AppDelegate.swift in Sources */ = {isa = PBXBuildFile; fileRef = 86A19A1828E23F3500F341AE /* AppDelegate.swift */; };
		86A19A1B28E23F3500F341AE /* SceneDelegate.swift in Sources */ = {isa = PBXBuildFile; fileRef = 86A19A1A28E23F3500F341AE /* SceneDelegate.swift */; };
		86A19A2228E23F3600F341AE /* Assets.xcassets in Resources */ = {isa = PBXBuildFile; fileRef = 86A19A2128E23F3600F341AE /* Assets.xcassets */; };
		86A19A2528E23F3600F341AE /* LaunchScreen.storyboard in Resources */ = {isa = PBXBuildFile; fileRef = 86A19A2328E23F3600F341AE /* LaunchScreen.storyboard */; };
		86A19A3A28E23F3600F341AE /* GuidomiaUITests.swift in Sources */ = {isa = PBXBuildFile; fileRef = 86A19A3928E23F3600F341AE /* GuidomiaUITests.swift */; };
		86A19A3C28E23F3600F341AE /* GuidomiaUITestsLaunchTests.swift in Sources */ = {isa = PBXBuildFile; fileRef = 86A19A3B28E23F3600F341AE /* GuidomiaUITestsLaunchTests.swift */; };
		E121A18228E2F00C00E19AE5 /* CarListViewData.swift in Sources */ = {isa = PBXBuildFile; fileRef = E121A18128E2F00C00E19AE5 /* CarListViewData.swift */; };
		E121A18528E2F3FF00E19AE5 /* Double+Extensions.swift in Sources */ = {isa = PBXBuildFile; fileRef = E121A18428E2F3FF00E19AE5 /* Double+Extensions.swift */; };
/* End PBXBuildFile section */

/* Begin PBXContainerItemProxy section */
		86A19A2C28E23F3600F341AE /* PBXContainerItemProxy */ = {
			isa = PBXContainerItemProxy;
			containerPortal = 86A19A0D28E23F3500F341AE /* Project object */;
			proxyType = 1;
			remoteGlobalIDString = 86A19A1428E23F3500F341AE;
			remoteInfo = Guidomia;
		};
		86A19A3628E23F3600F341AE /* PBXContainerItemProxy */ = {
			isa = PBXContainerItemProxy;
			containerPortal = 86A19A0D28E23F3500F341AE /* Project object */;
			proxyType = 1;
			remoteGlobalIDString = 86A19A1428E23F3500F341AE;
			remoteInfo = Guidomia;
		};
/* End PBXContainerItemProxy section */

/* Begin PBXFileReference section */
		8645DE5428E243830001611F /* AppCoordinator.swift */ = {isa = PBXFileReference; lastKnownFileType = sourcecode.swift; path = AppCoordinator.swift; sourceTree = "<group>"; };
		8645DE5728E2450C0001611F /* ConsultationCoordinator.swift */ = {isa = PBXFileReference; lastKnownFileType = sourcecode.swift; path = ConsultationCoordinator.swift; sourceTree = "<group>"; };
		8645DE5D28E247EF0001611F /* car_list.json */ = {isa = PBXFileReference; fileEncoding = 4; lastKnownFileType = text.json; path = car_list.json; sourceTree = "<group>"; };
		8645DE6528E249230001611F /* CarsListVC.swift */ = {isa = PBXFileReference; lastKnownFileType = sourcecode.swift; path = CarsListVC.swift; sourceTree = "<group>"; };
		8645DE6628E249230001611F /* CarsListVC.xib */ = {isa = PBXFileReference; lastKnownFileType = file.xib; path = CarsListVC.xib; sourceTree = "<group>"; };
		8645DE6928E24A450001611F /* CarsListVM.swift */ = {isa = PBXFileReference; lastKnownFileType = sourcecode.swift; path = CarsListVM.swift; sourceTree = "<group>"; };
		8645DE6B28E24A530001611F /* CarsListService.swift */ = {isa = PBXFileReference; lastKnownFileType = sourcecode.swift; path = CarsListService.swift; sourceTree = "<group>"; };
		8645DE6D28E24A640001611F /* Car.swift */ = {isa = PBXFileReference; lastKnownFileType = sourcecode.swift; path = Car.swift; sourceTree = "<group>"; };
		8645DE7228E251510001611F /* DataLoader.swift */ = {isa = PBXFileReference; lastKnownFileType = sourcecode.swift; path = DataLoader.swift; sourceTree = "<group>"; };
		8645DE7428E251F20001611F /* CarsListMapper.swift */ = {isa = PBXFileReference; lastKnownFileType = sourcecode.swift; path = CarsListMapper.swift; sourceTree = "<group>"; };
		8645DE7628E259D70001611F /* LogManager.swift */ = {isa = PBXFileReference; lastKnownFileType = sourcecode.swift; path = LogManager.swift; sourceTree = "<group>"; };
		8645DE7928E378490001611F /* CarsListTableCell.swift */ = {isa = PBXFileReference; lastKnownFileType = sourcecode.swift; path = CarsListTableCell.swift; sourceTree = "<group>"; };
		8645DE7A28E378490001611F /* CarsListTableCell.xib */ = {isa = PBXFileReference; lastKnownFileType = file.xib; path = CarsListTableCell.xib; sourceTree = "<group>"; };
		8645DE7D28E37C170001611F /* Int+Extensions.swift */ = {isa = PBXFileReference; lastKnownFileType = sourcecode.swift; path = "Int+Extensions.swift"; sourceTree = "<group>"; };
		8645DE7F28E37F160001611F /* UITableViewCell+Extensions.swift */ = {isa = PBXFileReference; lastKnownFileType = sourcecode.swift; path = "UITableViewCell+Extensions.swift"; sourceTree = "<group>"; };
		8645DE8128E387630001611F /* Coordinator.swift */ = {isa = PBXFileReference; lastKnownFileType = sourcecode.swift; path = Coordinator.swift; sourceTree = "<group>"; };
		8645DE8328E391E70001611F /* CarsListTableViewFooter.swift */ = {isa = PBXFileReference; lastKnownFileType = sourcecode.swift; path = CarsListTableViewFooter.swift; sourceTree = "<group>"; };
		8645DE8428E391E70001611F /* CarsListTableViewFooter.xib */ = {isa = PBXFileReference; lastKnownFileType = file.xib; path = CarsListTableViewFooter.xib; sourceTree = "<group>"; };
		8645DE8728E395150001611F /* UITableViewHeaderFooterView+Extensions.swift */ = {isa = PBXFileReference; lastKnownFileType = sourcecode.swift; path = "UITableViewHeaderFooterView+Extensions.swift"; sourceTree = "<group>"; };
		8645DE8C28E398330001611F /* CarListViewDataTests.swift */ = {isa = PBXFileReference; lastKnownFileType = sourcecode.swift; path = CarListViewDataTests.swift; sourceTree = "<group>"; };
		8645DE8F28E3A0250001611F /* CarsListMapperTests.swift */ = {isa = PBXFileReference; lastKnownFileType = sourcecode.swift; path = CarsListMapperTests.swift; sourceTree = "<group>"; };
		8645DE9228E3A0B70001611F /* test_data.json */ = {isa = PBXFileReference; lastKnownFileType = text.json; path = test_data.json; sourceTree = "<group>"; };
		8645DE9428E3A1110001611F /* invalid_data.json */ = {isa = PBXFileReference; lastKnownFileType = text.json; path = invalid_data.json; sourceTree = "<group>"; };
		8645DE9628E3A72D0001611F /* JSONDataLoaderTests.swift */ = {isa = PBXFileReference; lastKnownFileType = sourcecode.swift; path = JSONDataLoaderTests.swift; sourceTree = "<group>"; };
		8645DE9828E3A8530001611F /* CarsListServiceTests.swift */ = {isa = PBXFileReference; lastKnownFileType = sourcecode.swift; path = CarsListServiceTests.swift; sourceTree = "<group>"; };
		8645DE9A28E3A8FE0001611F /* JSONDataLoaderMock.swift */ = {isa = PBXFileReference; lastKnownFileType = sourcecode.swift; path = JSONDataLoaderMock.swift; sourceTree = "<group>"; };
		8645DE9D28E3B27B0001611F /* CarsListViewModelTests.swift */ = {isa = PBXFileReference; lastKnownFileType = sourcecode.swift; path = CarsListViewModelTests.swift; sourceTree = "<group>"; };
		8645DEA028E3B2C00001611F /* CarsListServiceMock.swift */ = {isa = PBXFileReference; lastKnownFileType = sourcecode.swift; path = CarsListServiceMock.swift; sourceTree = "<group>"; };
		8645DEA228E3BB6E0001611F /* ExpandableCarsListTableCell.swift */ = {isa = PBXFileReference; lastKnownFileType = sourcecode.swift; path = ExpandableCarsListTableCell.swift; sourceTree = "<group>"; };
		8645DEA328E3BB6E0001611F /* ExpandableCarsListTableCell.xib */ = {isa = PBXFileReference; lastKnownFileType = file.xib; path = ExpandableCarsListTableCell.xib; sourceTree = "<group>"; };
		8645DEA628E3BF570001611F /* ExpandableCarListViewData.swift */ = {isa = PBXFileReference; lastKnownFileType = sourcecode.swift; path = ExpandableCarListViewData.swift; sourceTree = "<group>"; };
		8645DEA928E3C1770001611F /* CarsListFormatter.swift */ = {isa = PBXFileReference; lastKnownFileType = sourcecode.swift; path = CarsListFormatter.swift; sourceTree = "<group>"; };
		86A19A1528E23F3500F341AE /* Guidomia.app */ = {isa = PBXFileReference; explicitFileType = wrapper.application; includeInIndex = 0; path = Guidomia.app; sourceTree = BUILT_PRODUCTS_DIR; };
		86A19A1828E23F3500F341AE /* AppDelegate.swift */ = {isa = PBXFileReference; lastKnownFileType = sourcecode.swift; path = AppDelegate.swift; sourceTree = "<group>"; };
		86A19A1A28E23F3500F341AE /* SceneDelegate.swift */ = {isa = PBXFileReference; lastKnownFileType = sourcecode.swift; path = SceneDelegate.swift; sourceTree = "<group>"; };
		86A19A2128E23F3600F341AE /* Assets.xcassets */ = {isa = PBXFileReference; lastKnownFileType = folder.assetcatalog; path = Assets.xcassets; sourceTree = "<group>"; };
		86A19A2428E23F3600F341AE /* Base */ = {isa = PBXFileReference; lastKnownFileType = file.storyboard; name = Base; path = Base.lproj/LaunchScreen.storyboard; sourceTree = "<group>"; };
		86A19A2628E23F3600F341AE /* Info.plist */ = {isa = PBXFileReference; lastKnownFileType = text.plist.xml; path = Info.plist; sourceTree = "<group>"; };
		86A19A2B28E23F3600F341AE /* GuidomiaTests.xctest */ = {isa = PBXFileReference; explicitFileType = wrapper.cfbundle; includeInIndex = 0; path = GuidomiaTests.xctest; sourceTree = BUILT_PRODUCTS_DIR; };
		86A19A3528E23F3600F341AE /* GuidomiaUITests.xctest */ = {isa = PBXFileReference; explicitFileType = wrapper.cfbundle; includeInIndex = 0; path = GuidomiaUITests.xctest; sourceTree = BUILT_PRODUCTS_DIR; };
		86A19A3928E23F3600F341AE /* GuidomiaUITests.swift */ = {isa = PBXFileReference; lastKnownFileType = sourcecode.swift; path = GuidomiaUITests.swift; sourceTree = "<group>"; };
		86A19A3B28E23F3600F341AE /* GuidomiaUITestsLaunchTests.swift */ = {isa = PBXFileReference; lastKnownFileType = sourcecode.swift; path = GuidomiaUITestsLaunchTests.swift; sourceTree = "<group>"; };
		E121A18128E2F00C00E19AE5 /* CarListViewData.swift */ = {isa = PBXFileReference; lastKnownFileType = sourcecode.swift; path = CarListViewData.swift; sourceTree = "<group>"; };
		E121A18428E2F3FF00E19AE5 /* Double+Extensions.swift */ = {isa = PBXFileReference; lastKnownFileType = sourcecode.swift; path = "Double+Extensions.swift"; sourceTree = "<group>"; };
/* End PBXFileReference section */

/* Begin PBXFrameworksBuildPhase section */
		86A19A1228E23F3500F341AE /* Frameworks */ = {
			isa = PBXFrameworksBuildPhase;
			buildActionMask = 2147483647;
			files = (
			);
			runOnlyForDeploymentPostprocessing = 0;
		};
		86A19A2828E23F3600F341AE /* Frameworks */ = {
			isa = PBXFrameworksBuildPhase;
			buildActionMask = 2147483647;
			files = (
			);
			runOnlyForDeploymentPostprocessing = 0;
		};
		86A19A3228E23F3600F341AE /* Frameworks */ = {
			isa = PBXFrameworksBuildPhase;
			buildActionMask = 2147483647;
			files = (
			);
			runOnlyForDeploymentPostprocessing = 0;
		};
/* End PBXFrameworksBuildPhase section */

/* Begin PBXGroup section */
		8645DE4F28E2415D0001611F /* Resources */ = {
			isa = PBXGroup;
			children = (
				86A19A2328E23F3600F341AE /* LaunchScreen.storyboard */,
				86A19A2128E23F3600F341AE /* Assets.xcassets */,
				8645DE5D28E247EF0001611F /* car_list.json */,
			);
			path = Resources;
			sourceTree = "<group>";
		};
		8645DE5028E2417A0001611F /* Config */ = {
			isa = PBXGroup;
			children = (
				86A19A1828E23F3500F341AE /* AppDelegate.swift */,
				86A19A1A28E23F3500F341AE /* SceneDelegate.swift */,
				86A19A2628E23F3600F341AE /* Info.plist */,
				8645DE5428E243830001611F /* AppCoordinator.swift */,
			);
			path = Config;
			sourceTree = "<group>";
		};
		8645DE5128E243250001611F /* Features */ = {
			isa = PBXGroup;
			children = (
				8645DE5628E243AA0001611F /* ConsultationFeature */,
			);
			path = Features;
			sourceTree = "<group>";
		};
		8645DE5328E243580001611F /* Shared */ = {
			isa = PBXGroup;
			children = (
				8645DE7228E251510001611F /* DataLoader.swift */,
				8645DE7628E259D70001611F /* LogManager.swift */,
				8645DE8128E387630001611F /* Coordinator.swift */,
			);
			path = Shared;
			sourceTree = "<group>";
		};
		8645DE5628E243AA0001611F /* ConsultationFeature */ = {
			isa = PBXGroup;
			children = (
				8645DEA828E3C15F0001611F /* Formatters */,
				8645DE5928E2451F0001611F /* Services */,
				8645DE5C28E245550001611F /* Models */,
				8645DE5A28E245280001611F /* ViewModels */,
				8645DE5B28E245300001611F /* Views */,
				8645DE5728E2450C0001611F /* ConsultationCoordinator.swift */,
			);
			path = ConsultationFeature;
			sourceTree = "<group>";
		};
		8645DE5928E2451F0001611F /* Services */ = {
			isa = PBXGroup;
			children = (
				8645DE6B28E24A530001611F /* CarsListService.swift */,
				8645DE7428E251F20001611F /* CarsListMapper.swift */,
			);
			path = Services;
			sourceTree = "<group>";
		};
		8645DE5A28E245280001611F /* ViewModels */ = {
			isa = PBXGroup;
			children = (
				8645DE6928E24A450001611F /* CarsListVM.swift */,
			);
			path = ViewModels;
			sourceTree = "<group>";
		};
		8645DE5B28E245300001611F /* Views */ = {
			isa = PBXGroup;
			children = (
				8645DE6028E248500001611F /* Cells */,
				8645DE5F28E248420001611F /* View Controllers */,
			);
			path = Views;
			sourceTree = "<group>";
		};
		8645DE5C28E245550001611F /* Models */ = {
			isa = PBXGroup;
			children = (
				E121A18028E2EFFA00E19AE5 /* ViewData */,
				8645DE6D28E24A640001611F /* Car.swift */,
			);
			path = Models;
			sourceTree = "<group>";
		};
		8645DE5F28E248420001611F /* View Controllers */ = {
			isa = PBXGroup;
			children = (
				8645DE6528E249230001611F /* CarsListVC.swift */,
				8645DE6628E249230001611F /* CarsListVC.xib */,
			);
			path = "View Controllers";
			sourceTree = "<group>";
		};
		8645DE6028E248500001611F /* Cells */ = {
			isa = PBXGroup;
			children = (
				8645DE7828E378230001611F /* CarsListTableCell */,
			);
			path = Cells;
			sourceTree = "<group>";
		};
		8645DE7828E378230001611F /* CarsListTableCell */ = {
			isa = PBXGroup;
			children = (
				8645DE7928E378490001611F /* CarsListTableCell.swift */,
				8645DE7A28E378490001611F /* CarsListTableCell.xib */,
				8645DE8328E391E70001611F /* CarsListTableViewFooter.swift */,
				8645DE8428E391E70001611F /* CarsListTableViewFooter.xib */,
				8645DEA228E3BB6E0001611F /* ExpandableCarsListTableCell.swift */,
				8645DEA328E3BB6E0001611F /* ExpandableCarsListTableCell.xib */,
			);
			path = CarsListTableCell;
			sourceTree = "<group>";
		};
		8645DE8928E397850001611F /* Features */ = {
			isa = PBXGroup;
			children = (
				8645DE8A28E3978C0001611F /* ConsultationFeature */,
			);
			path = Features;
			sourceTree = "<group>";
		};
		8645DE8A28E3978C0001611F /* ConsultationFeature */ = {
			isa = PBXGroup;
			children = (
				8645DE9F28E3B2AB0001611F /* Utils */,
				8645DE9128E3A0940001611F /* Resources */,
				8645DE8E28E39FAB0001611F /* Services */,
				8645DE8B28E397F40001611F /* Models */,
				8645DE9C28E3B25D0001611F /* ViewModels */,
			);
			path = ConsultationFeature;
			sourceTree = "<group>";
		};
		8645DE8B28E397F40001611F /* Models */ = {
			isa = PBXGroup;
			children = (
				8645DE8C28E398330001611F /* CarListViewDataTests.swift */,
			);
			path = Models;
			sourceTree = "<group>";
		};
		8645DE8E28E39FAB0001611F /* Services */ = {
			isa = PBXGroup;
			children = (
				8645DE8F28E3A0250001611F /* CarsListMapperTests.swift */,
				8645DE9628E3A72D0001611F /* JSONDataLoaderTests.swift */,
				8645DE9828E3A8530001611F /* CarsListServiceTests.swift */,
			);
			path = Services;
			sourceTree = "<group>";
		};
		8645DE9128E3A0940001611F /* Resources */ = {
			isa = PBXGroup;
			children = (
				8645DE9228E3A0B70001611F /* test_data.json */,
				8645DE9428E3A1110001611F /* invalid_data.json */,
			);
			path = Resources;
			sourceTree = "<group>";
		};
		8645DE9C28E3B25D0001611F /* ViewModels */ = {
			isa = PBXGroup;
			children = (
				8645DE9D28E3B27B0001611F /* CarsListViewModelTests.swift */,
			);
			path = ViewModels;
			sourceTree = "<group>";
		};
		8645DE9F28E3B2AB0001611F /* Utils */ = {
			isa = PBXGroup;
			children = (
				8645DE9A28E3A8FE0001611F /* JSONDataLoaderMock.swift */,
				8645DEA028E3B2C00001611F /* CarsListServiceMock.swift */,
			);
			path = Utils;
			sourceTree = "<group>";
		};
		8645DEA828E3C15F0001611F /* Formatters */ = {
			isa = PBXGroup;
			children = (
				8645DEA928E3C1770001611F /* CarsListFormatter.swift */,
			);
			path = Formatters;
			sourceTree = "<group>";
		};
		86A19A0C28E23F3500F341AE = {
			isa = PBXGroup;
			children = (
				86A19A1728E23F3500F341AE /* Guidomia */,
				86A19A2E28E23F3600F341AE /* GuidomiaTests */,
				86A19A3828E23F3600F341AE /* GuidomiaUITests */,
				86A19A1628E23F3500F341AE /* Products */,
			);
			sourceTree = "<group>";
		};
		86A19A1628E23F3500F341AE /* Products */ = {
			isa = PBXGroup;
			children = (
				86A19A1528E23F3500F341AE /* Guidomia.app */,
				86A19A2B28E23F3600F341AE /* GuidomiaTests.xctest */,
				86A19A3528E23F3600F341AE /* GuidomiaUITests.xctest */,
			);
			name = Products;
			sourceTree = "<group>";
		};
		86A19A1728E23F3500F341AE /* Guidomia */ = {
			isa = PBXGroup;
			children = (
				8645DE5128E243250001611F /* Features */,
				8645DE5028E2417A0001611F /* Config */,
				8645DE4F28E2415D0001611F /* Resources */,
				8645DE5328E243580001611F /* Shared */,
				E121A18328E2F3DB00E19AE5 /* Extensions */,
			);
			path = Guidomia;
			sourceTree = "<group>";
		};
		86A19A2E28E23F3600F341AE /* GuidomiaTests */ = {
			isa = PBXGroup;
			children = (
				8645DE8928E397850001611F /* Features */,
			);
			path = GuidomiaTests;
			sourceTree = "<group>";
		};
		86A19A3828E23F3600F341AE /* GuidomiaUITests */ = {
			isa = PBXGroup;
			children = (
				86A19A3928E23F3600F341AE /* GuidomiaUITests.swift */,
				86A19A3B28E23F3600F341AE /* GuidomiaUITestsLaunchTests.swift */,
			);
			path = GuidomiaUITests;
			sourceTree = "<group>";
		};
		E121A18028E2EFFA00E19AE5 /* ViewData */ = {
			isa = PBXGroup;
			children = (
				E121A18128E2F00C00E19AE5 /* CarListViewData.swift */,
				8645DEA628E3BF570001611F /* ExpandableCarListViewData.swift */,
			);
			path = ViewData;
			sourceTree = "<group>";
		};
		E121A18328E2F3DB00E19AE5 /* Extensions */ = {
			isa = PBXGroup;
			children = (
				E121A18428E2F3FF00E19AE5 /* Double+Extensions.swift */,
				8645DE7D28E37C170001611F /* Int+Extensions.swift */,
				8645DE7F28E37F160001611F /* UITableViewCell+Extensions.swift */,
				8645DE8728E395150001611F /* UITableViewHeaderFooterView+Extensions.swift */,
			);
			path = Extensions;
			sourceTree = "<group>";
		};
/* End PBXGroup section */

/* Begin PBXNativeTarget section */
		86A19A1428E23F3500F341AE /* Guidomia */ = {
			isa = PBXNativeTarget;
			buildConfigurationList = 86A19A3F28E23F3600F341AE /* Build configuration list for PBXNativeTarget "Guidomia" */;
			buildPhases = (
				86A19A1128E23F3500F341AE /* Sources */,
				86A19A1228E23F3500F341AE /* Frameworks */,
				86A19A1328E23F3500F341AE /* Resources */,
			);
			buildRules = (
			);
			dependencies = (
			);
			name = Guidomia;
			productName = Guidomia;
			productReference = 86A19A1528E23F3500F341AE /* Guidomia.app */;
			productType = "com.apple.product-type.application";
		};
		86A19A2A28E23F3600F341AE /* GuidomiaTests */ = {
			isa = PBXNativeTarget;
			buildConfigurationList = 86A19A4228E23F3600F341AE /* Build configuration list for PBXNativeTarget "GuidomiaTests" */;
			buildPhases = (
				86A19A2728E23F3600F341AE /* Sources */,
				86A19A2828E23F3600F341AE /* Frameworks */,
				86A19A2928E23F3600F341AE /* Resources */,
			);
			buildRules = (
			);
			dependencies = (
				86A19A2D28E23F3600F341AE /* PBXTargetDependency */,
			);
			name = GuidomiaTests;
			productName = GuidomiaTests;
			productReference = 86A19A2B28E23F3600F341AE /* GuidomiaTests.xctest */;
			productType = "com.apple.product-type.bundle.unit-test";
		};
		86A19A3428E23F3600F341AE /* GuidomiaUITests */ = {
			isa = PBXNativeTarget;
			buildConfigurationList = 86A19A4528E23F3600F341AE /* Build configuration list for PBXNativeTarget "GuidomiaUITests" */;
			buildPhases = (
				86A19A3128E23F3600F341AE /* Sources */,
				86A19A3228E23F3600F341AE /* Frameworks */,
				86A19A3328E23F3600F341AE /* Resources */,
			);
			buildRules = (
			);
			dependencies = (
				86A19A3728E23F3600F341AE /* PBXTargetDependency */,
			);
			name = GuidomiaUITests;
			productName = GuidomiaUITests;
			productReference = 86A19A3528E23F3600F341AE /* GuidomiaUITests.xctest */;
			productType = "com.apple.product-type.bundle.ui-testing";
		};
/* End PBXNativeTarget section */

/* Begin PBXProject section */
		86A19A0D28E23F3500F341AE /* Project object */ = {
			isa = PBXProject;
			attributes = {
				BuildIndependentTargetsInParallel = 1;
				LastSwiftUpdateCheck = 1320;
				LastUpgradeCheck = 1320;
				TargetAttributes = {
					86A19A1428E23F3500F341AE = {
						CreatedOnToolsVersion = 13.2.1;
					};
					86A19A2A28E23F3600F341AE = {
						CreatedOnToolsVersion = 13.2.1;
						TestTargetID = 86A19A1428E23F3500F341AE;
					};
					86A19A3428E23F3600F341AE = {
						CreatedOnToolsVersion = 13.2.1;
						TestTargetID = 86A19A1428E23F3500F341AE;
					};
				};
			};
			buildConfigurationList = 86A19A1028E23F3500F341AE /* Build configuration list for PBXProject "Guidomia" */;
			compatibilityVersion = "Xcode 13.0";
			developmentRegion = en;
			hasScannedForEncodings = 0;
			knownRegions = (
				en,
				Base,
			);
			mainGroup = 86A19A0C28E23F3500F341AE;
			productRefGroup = 86A19A1628E23F3500F341AE /* Products */;
			projectDirPath = "";
			projectRoot = "";
			targets = (
				86A19A1428E23F3500F341AE /* Guidomia */,
				86A19A2A28E23F3600F341AE /* GuidomiaTests */,
				86A19A3428E23F3600F341AE /* GuidomiaUITests */,
			);
		};
/* End PBXProject section */

/* Begin PBXResourcesBuildPhase section */
		86A19A1328E23F3500F341AE /* Resources */ = {
			isa = PBXResourcesBuildPhase;
			buildActionMask = 2147483647;
			files = (
				86A19A2528E23F3600F341AE /* LaunchScreen.storyboard in Resources */,
				8645DE8628E391E70001611F /* CarsListTableViewFooter.xib in Resources */,
				8645DE7C28E378490001611F /* CarsListTableCell.xib in Resources */,
				8645DE6828E249230001611F /* CarsListVC.xib in Resources */,
				8645DEA528E3BB6E0001611F /* ExpandableCarsListTableCell.xib in Resources */,
				8645DE5E28E247EF0001611F /* car_list.json in Resources */,
				86A19A2228E23F3600F341AE /* Assets.xcassets in Resources */,
			);
			runOnlyForDeploymentPostprocessing = 0;
		};
		86A19A2928E23F3600F341AE /* Resources */ = {
			isa = PBXResourcesBuildPhase;
			buildActionMask = 2147483647;
			files = (
				8645DE9328E3A0B70001611F /* test_data.json in Resources */,
				8645DE9528E3A1110001611F /* invalid_data.json in Resources */,
			);
			runOnlyForDeploymentPostprocessing = 0;
		};
		86A19A3328E23F3600F341AE /* Resources */ = {
			isa = PBXResourcesBuildPhase;
			buildActionMask = 2147483647;
			files = (
			);
			runOnlyForDeploymentPostprocessing = 0;
		};
/* End PBXResourcesBuildPhase section */

/* Begin PBXSourcesBuildPhase section */
		86A19A1128E23F3500F341AE /* Sources */ = {
			isa = PBXSourcesBuildPhase;
			buildActionMask = 2147483647;
			files = (
				8645DE7728E259D70001611F /* LogManager.swift in Sources */,
				8645DE7B28E378490001611F /* CarsListTableCell.swift in Sources */,
				E121A18528E2F3FF00E19AE5 /* Double+Extensions.swift in Sources */,
				8645DE7328E251510001611F /* DataLoader.swift in Sources */,
				8645DE5528E243830001611F /* AppCoordinator.swift in Sources */,
				8645DEAA28E3C1770001611F /* CarsListFormatter.swift in Sources */,
				E121A18228E2F00C00E19AE5 /* CarListViewData.swift in Sources */,
				8645DE6C28E24A530001611F /* CarsListService.swift in Sources */,
				8645DE6E28E24A640001611F /* Car.swift in Sources */,
				8645DE6A28E24A450001611F /* CarsListVM.swift in Sources */,
				8645DEA728E3BF570001611F /* ExpandableCarListViewData.swift in Sources */,
				8645DE7E28E37C170001611F /* Int+Extensions.swift in Sources */,
				8645DE8228E387630001611F /* Coordinator.swift in Sources */,
				86A19A1928E23F3500F341AE /* AppDelegate.swift in Sources */,
				8645DE6728E249230001611F /* CarsListVC.swift in Sources */,
				86A19A1B28E23F3500F341AE /* SceneDelegate.swift in Sources */,
				8645DE8828E395150001611F /* UITableViewHeaderFooterView+Extensions.swift in Sources */,
				8645DEA428E3BB6E0001611F /* ExpandableCarsListTableCell.swift in Sources */,
				8645DE7528E251F20001611F /* CarsListMapper.swift in Sources */,
				8645DE8028E37F160001611F /* UITableViewCell+Extensions.swift in Sources */,
				8645DE5828E2450C0001611F /* ConsultationCoordinator.swift in Sources */,
				8645DE8528E391E70001611F /* CarsListTableViewFooter.swift in Sources */,
			);
			runOnlyForDeploymentPostprocessing = 0;
		};
		86A19A2728E23F3600F341AE /* Sources */ = {
			isa = PBXSourcesBuildPhase;
			buildActionMask = 2147483647;
			files = (
				8645DE9728E3A72D0001611F /* JSONDataLoaderTests.swift in Sources */,
				8645DE8D28E398330001611F /* CarListViewDataTests.swift in Sources */,
				8645DEA128E3B2C00001611F /* CarsListServiceMock.swift in Sources */,
				8645DE9928E3A8530001611F /* CarsListServiceTests.swift in Sources */,
				8645DE9028E3A0250001611F /* CarsListMapperTests.swift in Sources */,
				8645DE9B28E3A8FE0001611F /* JSONDataLoaderMock.swift in Sources */,
				8645DE9E28E3B27B0001611F /* CarsListViewModelTests.swift in Sources */,
			);
			runOnlyForDeploymentPostprocessing = 0;
		};
		86A19A3128E23F3600F341AE /* Sources */ = {
			isa = PBXSourcesBuildPhase;
			buildActionMask = 2147483647;
			files = (
				86A19A3C28E23F3600F341AE /* GuidomiaUITestsLaunchTests.swift in Sources */,
				86A19A3A28E23F3600F341AE /* GuidomiaUITests.swift in Sources */,
			);
			runOnlyForDeploymentPostprocessing = 0;
		};
/* End PBXSourcesBuildPhase section */

/* Begin PBXTargetDependency section */
		86A19A2D28E23F3600F341AE /* PBXTargetDependency */ = {
			isa = PBXTargetDependency;
			target = 86A19A1428E23F3500F341AE /* Guidomia */;
			targetProxy = 86A19A2C28E23F3600F341AE /* PBXContainerItemProxy */;
		};
		86A19A3728E23F3600F341AE /* PBXTargetDependency */ = {
			isa = PBXTargetDependency;
			target = 86A19A1428E23F3500F341AE /* Guidomia */;
			targetProxy = 86A19A3628E23F3600F341AE /* PBXContainerItemProxy */;
		};
/* End PBXTargetDependency section */

/* Begin PBXVariantGroup section */
		86A19A2328E23F3600F341AE /* LaunchScreen.storyboard */ = {
			isa = PBXVariantGroup;
			children = (
				86A19A2428E23F3600F341AE /* Base */,
			);
			name = LaunchScreen.storyboard;
			sourceTree = "<group>";
		};
/* End PBXVariantGroup section */

/* Begin XCBuildConfiguration section */
		86A19A3D28E23F3600F341AE /* Debug */ = {
			isa = XCBuildConfiguration;
			buildSettings = {
				ALWAYS_SEARCH_USER_PATHS = NO;
				CLANG_ANALYZER_NONNULL = YES;
				CLANG_ANALYZER_NUMBER_OBJECT_CONVERSION = YES_AGGRESSIVE;
				CLANG_CXX_LANGUAGE_STANDARD = "gnu++17";
				CLANG_CXX_LIBRARY = "libc++";
				CLANG_ENABLE_MODULES = YES;
				CLANG_ENABLE_OBJC_ARC = YES;
				CLANG_ENABLE_OBJC_WEAK = YES;
				CLANG_WARN_BLOCK_CAPTURE_AUTORELEASING = YES;
				CLANG_WARN_BOOL_CONVERSION = YES;
				CLANG_WARN_COMMA = YES;
				CLANG_WARN_CONSTANT_CONVERSION = YES;
				CLANG_WARN_DEPRECATED_OBJC_IMPLEMENTATIONS = YES;
				CLANG_WARN_DIRECT_OBJC_ISA_USAGE = YES_ERROR;
				CLANG_WARN_DOCUMENTATION_COMMENTS = YES;
				CLANG_WARN_EMPTY_BODY = YES;
				CLANG_WARN_ENUM_CONVERSION = YES;
				CLANG_WARN_INFINITE_RECURSION = YES;
				CLANG_WARN_INT_CONVERSION = YES;
				CLANG_WARN_NON_LITERAL_NULL_CONVERSION = YES;
				CLANG_WARN_OBJC_IMPLICIT_RETAIN_SELF = YES;
				CLANG_WARN_OBJC_LITERAL_CONVERSION = YES;
				CLANG_WARN_OBJC_ROOT_CLASS = YES_ERROR;
				CLANG_WARN_QUOTED_INCLUDE_IN_FRAMEWORK_HEADER = YES;
				CLANG_WARN_RANGE_LOOP_ANALYSIS = YES;
				CLANG_WARN_STRICT_PROTOTYPES = YES;
				CLANG_WARN_SUSPICIOUS_MOVE = YES;
				CLANG_WARN_UNGUARDED_AVAILABILITY = YES_AGGRESSIVE;
				CLANG_WARN_UNREACHABLE_CODE = YES;
				CLANG_WARN__DUPLICATE_METHOD_MATCH = YES;
				COPY_PHASE_STRIP = NO;
				DEBUG_INFORMATION_FORMAT = dwarf;
				ENABLE_STRICT_OBJC_MSGSEND = YES;
				ENABLE_TESTABILITY = YES;
				GCC_C_LANGUAGE_STANDARD = gnu11;
				GCC_DYNAMIC_NO_PIC = NO;
				GCC_NO_COMMON_BLOCKS = YES;
				GCC_OPTIMIZATION_LEVEL = 0;
				GCC_PREPROCESSOR_DEFINITIONS = (
					"DEBUG=1",
					"$(inherited)",
				);
				GCC_WARN_64_TO_32_BIT_CONVERSION = YES;
				GCC_WARN_ABOUT_RETURN_TYPE = YES_ERROR;
				GCC_WARN_UNDECLARED_SELECTOR = YES;
				GCC_WARN_UNINITIALIZED_AUTOS = YES_AGGRESSIVE;
				GCC_WARN_UNUSED_FUNCTION = YES;
				GCC_WARN_UNUSED_VARIABLE = YES;
				IPHONEOS_DEPLOYMENT_TARGET = 15.2;
				MTL_ENABLE_DEBUG_INFO = INCLUDE_SOURCE;
				MTL_FAST_MATH = YES;
				ONLY_ACTIVE_ARCH = YES;
				SDKROOT = iphoneos;
				SWIFT_ACTIVE_COMPILATION_CONDITIONS = DEBUG;
				SWIFT_OPTIMIZATION_LEVEL = "-Onone";
			};
			name = Debug;
		};
		86A19A3E28E23F3600F341AE /* Release */ = {
			isa = XCBuildConfiguration;
			buildSettings = {
				ALWAYS_SEARCH_USER_PATHS = NO;
				CLANG_ANALYZER_NONNULL = YES;
				CLANG_ANALYZER_NUMBER_OBJECT_CONVERSION = YES_AGGRESSIVE;
				CLANG_CXX_LANGUAGE_STANDARD = "gnu++17";
				CLANG_CXX_LIBRARY = "libc++";
				CLANG_ENABLE_MODULES = YES;
				CLANG_ENABLE_OBJC_ARC = YES;
				CLANG_ENABLE_OBJC_WEAK = YES;
				CLANG_WARN_BLOCK_CAPTURE_AUTORELEASING = YES;
				CLANG_WARN_BOOL_CONVERSION = YES;
				CLANG_WARN_COMMA = YES;
				CLANG_WARN_CONSTANT_CONVERSION = YES;
				CLANG_WARN_DEPRECATED_OBJC_IMPLEMENTATIONS = YES;
				CLANG_WARN_DIRECT_OBJC_ISA_USAGE = YES_ERROR;
				CLANG_WARN_DOCUMENTATION_COMMENTS = YES;
				CLANG_WARN_EMPTY_BODY = YES;
				CLANG_WARN_ENUM_CONVERSION = YES;
				CLANG_WARN_INFINITE_RECURSION = YES;
				CLANG_WARN_INT_CONVERSION = YES;
				CLANG_WARN_NON_LITERAL_NULL_CONVERSION = YES;
				CLANG_WARN_OBJC_IMPLICIT_RETAIN_SELF = YES;
				CLANG_WARN_OBJC_LITERAL_CONVERSION = YES;
				CLANG_WARN_OBJC_ROOT_CLASS = YES_ERROR;
				CLANG_WARN_QUOTED_INCLUDE_IN_FRAMEWORK_HEADER = YES;
				CLANG_WARN_RANGE_LOOP_ANALYSIS = YES;
				CLANG_WARN_STRICT_PROTOTYPES = YES;
				CLANG_WARN_SUSPICIOUS_MOVE = YES;
				CLANG_WARN_UNGUARDED_AVAILABILITY = YES_AGGRESSIVE;
				CLANG_WARN_UNREACHABLE_CODE = YES;
				CLANG_WARN__DUPLICATE_METHOD_MATCH = YES;
				COPY_PHASE_STRIP = NO;
				DEBUG_INFORMATION_FORMAT = "dwarf-with-dsym";
				ENABLE_NS_ASSERTIONS = NO;
				ENABLE_STRICT_OBJC_MSGSEND = YES;
				GCC_C_LANGUAGE_STANDARD = gnu11;
				GCC_NO_COMMON_BLOCKS = YES;
				GCC_WARN_64_TO_32_BIT_CONVERSION = YES;
				GCC_WARN_ABOUT_RETURN_TYPE = YES_ERROR;
				GCC_WARN_UNDECLARED_SELECTOR = YES;
				GCC_WARN_UNINITIALIZED_AUTOS = YES_AGGRESSIVE;
				GCC_WARN_UNUSED_FUNCTION = YES;
				GCC_WARN_UNUSED_VARIABLE = YES;
				IPHONEOS_DEPLOYMENT_TARGET = 15.2;
				MTL_ENABLE_DEBUG_INFO = NO;
				MTL_FAST_MATH = YES;
				SDKROOT = iphoneos;
				SWIFT_COMPILATION_MODE = wholemodule;
				SWIFT_OPTIMIZATION_LEVEL = "-O";
				VALIDATE_PRODUCT = YES;
			};
			name = Release;
		};
		86A19A4028E23F3600F341AE /* Debug */ = {
			isa = XCBuildConfiguration;
			buildSettings = {
				ASSETCATALOG_COMPILER_APPICON_NAME = AppIcon;
				ASSETCATALOG_COMPILER_GLOBAL_ACCENT_COLOR_NAME = AccentColor;
				CODE_SIGN_STYLE = Automatic;
				CURRENT_PROJECT_VERSION = 1;
				DEVELOPMENT_TEAM = UHSC49UD2Q;
				GENERATE_INFOPLIST_FILE = YES;
				INFOPLIST_FILE = Guidomia/Config/Info.plist;
				INFOPLIST_KEY_UIApplicationSupportsIndirectInputEvents = YES;
				INFOPLIST_KEY_UILaunchStoryboardName = LaunchScreen;
				INFOPLIST_KEY_UISupportedInterfaceOrientations_iPad = "UIInterfaceOrientationPortrait UIInterfaceOrientationPortraitUpsideDown UIInterfaceOrientationLandscapeLeft UIInterfaceOrientationLandscapeRight";
				INFOPLIST_KEY_UISupportedInterfaceOrientations_iPhone = "UIInterfaceOrientationPortrait UIInterfaceOrientationLandscapeLeft UIInterfaceOrientationLandscapeRight";
				LD_RUNPATH_SEARCH_PATHS = (
					"$(inherited)",
					"@executable_path/Frameworks",
				);
				MARKETING_VERSION = 1.0;
				PRODUCT_BUNDLE_IDENTIFIER = com.mb.Guidomia;
				PRODUCT_NAME = "$(TARGET_NAME)";
				SWIFT_EMIT_LOC_STRINGS = YES;
				SWIFT_VERSION = 5.0;
				TARGETED_DEVICE_FAMILY = "1,2";
			};
			name = Debug;
		};
		86A19A4128E23F3600F341AE /* Release */ = {
			isa = XCBuildConfiguration;
			buildSettings = {
				ASSETCATALOG_COMPILER_APPICON_NAME = AppIcon;
				ASSETCATALOG_COMPILER_GLOBAL_ACCENT_COLOR_NAME = AccentColor;
				CODE_SIGN_STYLE = Automatic;
				CURRENT_PROJECT_VERSION = 1;
				DEVELOPMENT_TEAM = UHSC49UD2Q;
				GENERATE_INFOPLIST_FILE = YES;
				INFOPLIST_FILE = Guidomia/Config/Info.plist;
				INFOPLIST_KEY_UIApplicationSupportsIndirectInputEvents = YES;
				INFOPLIST_KEY_UILaunchStoryboardName = LaunchScreen;
				INFOPLIST_KEY_UISupportedInterfaceOrientations_iPad = "UIInterfaceOrientationPortrait UIInterfaceOrientationPortraitUpsideDown UIInterfaceOrientationLandscapeLeft UIInterfaceOrientationLandscapeRight";
				INFOPLIST_KEY_UISupportedInterfaceOrientations_iPhone = "UIInterfaceOrientationPortrait UIInterfaceOrientationLandscapeLeft UIInterfaceOrientationLandscapeRight";
				LD_RUNPATH_SEARCH_PATHS = (
					"$(inherited)",
					"@executable_path/Frameworks",
				);
				MARKETING_VERSION = 1.0;
				PRODUCT_BUNDLE_IDENTIFIER = com.mb.Guidomia;
				PRODUCT_NAME = "$(TARGET_NAME)";
				SWIFT_EMIT_LOC_STRINGS = YES;
				SWIFT_VERSION = 5.0;
				TARGETED_DEVICE_FAMILY = "1,2";
			};
			name = Release;
		};
		86A19A4328E23F3600F341AE /* Debug */ = {
			isa = XCBuildConfiguration;
			buildSettings = {
				ALWAYS_EMBED_SWIFT_STANDARD_LIBRARIES = YES;
				BUNDLE_LOADER = "$(TEST_HOST)";
				CODE_SIGN_STYLE = Automatic;
				CURRENT_PROJECT_VERSION = 1;
				DEVELOPMENT_TEAM = UHSC49UD2Q;
				GENERATE_INFOPLIST_FILE = YES;
				IPHONEOS_DEPLOYMENT_TARGET = 15.2;
				MARKETING_VERSION = 1.0;
				PRODUCT_BUNDLE_IDENTIFIER = com.mb.GuidomiaTests;
				PRODUCT_NAME = "$(TARGET_NAME)";
				SWIFT_EMIT_LOC_STRINGS = NO;
				SWIFT_VERSION = 5.0;
				TARGETED_DEVICE_FAMILY = "1,2";
				TEST_HOST = "$(BUILT_PRODUCTS_DIR)/Guidomia.app/Guidomia";
			};
			name = Debug;
		};
		86A19A4428E23F3600F341AE /* Release */ = {
			isa = XCBuildConfiguration;
			buildSettings = {
				ALWAYS_EMBED_SWIFT_STANDARD_LIBRARIES = YES;
				BUNDLE_LOADER = "$(TEST_HOST)";
				CODE_SIGN_STYLE = Automatic;
				CURRENT_PROJECT_VERSION = 1;
				DEVELOPMENT_TEAM = UHSC49UD2Q;
				GENERATE_INFOPLIST_FILE = YES;
				IPHONEOS_DEPLOYMENT_TARGET = 15.2;
				MARKETING_VERSION = 1.0;
				PRODUCT_BUNDLE_IDENTIFIER = com.mb.GuidomiaTests;
				PRODUCT_NAME = "$(TARGET_NAME)";
				SWIFT_EMIT_LOC_STRINGS = NO;
				SWIFT_VERSION = 5.0;
				TARGETED_DEVICE_FAMILY = "1,2";
				TEST_HOST = "$(BUILT_PRODUCTS_DIR)/Guidomia.app/Guidomia";
			};
			name = Release;
		};
		86A19A4628E23F3600F341AE /* Debug */ = {
			isa = XCBuildConfiguration;
			buildSettings = {
				ALWAYS_EMBED_SWIFT_STANDARD_LIBRARIES = YES;
				CODE_SIGN_STYLE = Automatic;
				CURRENT_PROJECT_VERSION = 1;
				DEVELOPMENT_TEAM = UHSC49UD2Q;
				GENERATE_INFOPLIST_FILE = YES;
				MARKETING_VERSION = 1.0;
				PRODUCT_BUNDLE_IDENTIFIER = com.mb.GuidomiaUITests;
				PRODUCT_NAME = "$(TARGET_NAME)";
				SWIFT_EMIT_LOC_STRINGS = NO;
				SWIFT_VERSION = 5.0;
				TARGETED_DEVICE_FAMILY = "1,2";
				TEST_TARGET_NAME = Guidomia;
			};
			name = Debug;
		};
		86A19A4728E23F3600F341AE /* Release */ = {
			isa = XCBuildConfiguration;
			buildSettings = {
				ALWAYS_EMBED_SWIFT_STANDARD_LIBRARIES = YES;
				CODE_SIGN_STYLE = Automatic;
				CURRENT_PROJECT_VERSION = 1;
				DEVELOPMENT_TEAM = UHSC49UD2Q;
				GENERATE_INFOPLIST_FILE = YES;
				MARKETING_VERSION = 1.0;
				PRODUCT_BUNDLE_IDENTIFIER = com.mb.GuidomiaUITests;
				PRODUCT_NAME = "$(TARGET_NAME)";
				SWIFT_EMIT_LOC_STRINGS = NO;
				SWIFT_VERSION = 5.0;
				TARGETED_DEVICE_FAMILY = "1,2";
				TEST_TARGET_NAME = Guidomia;
			};
			name = Release;
		};
/* End XCBuildConfiguration section */

/* Begin XCConfigurationList section */
		86A19A1028E23F3500F341AE /* Build configuration list for PBXProject "Guidomia" */ = {
			isa = XCConfigurationList;
			buildConfigurations = (
				86A19A3D28E23F3600F341AE /* Debug */,
				86A19A3E28E23F3600F341AE /* Release */,
			);
			defaultConfigurationIsVisible = 0;
			defaultConfigurationName = Release;
		};
		86A19A3F28E23F3600F341AE /* Build configuration list for PBXNativeTarget "Guidomia" */ = {
			isa = XCConfigurationList;
			buildConfigurations = (
				86A19A4028E23F3600F341AE /* Debug */,
				86A19A4128E23F3600F341AE /* Release */,
			);
			defaultConfigurationIsVisible = 0;
			defaultConfigurationName = Release;
		};
		86A19A4228E23F3600F341AE /* Build configuration list for PBXNativeTarget "GuidomiaTests" */ = {
			isa = XCConfigurationList;
			buildConfigurations = (
				86A19A4328E23F3600F341AE /* Debug */,
				86A19A4428E23F3600F341AE /* Release */,
			);
			defaultConfigurationIsVisible = 0;
			defaultConfigurationName = Release;
		};
		86A19A4528E23F3600F341AE /* Build configuration list for PBXNativeTarget "GuidomiaUITests" */ = {
			isa = XCConfigurationList;
			buildConfigurations = (
				86A19A4628E23F3600F341AE /* Debug */,
				86A19A4728E23F3600F341AE /* Release */,
			);
			defaultConfigurationIsVisible = 0;
			defaultConfigurationName = Release;
		};
/* End XCConfigurationList section */
	};
	rootObject = 86A19A0D28E23F3500F341AE /* Project object */;
}
